
Microsoft Visual Studio Solution File, Format Version 12.00
# Visual Studio 2013
VisualStudioVersion = 12.0.31101.0
MinimumVisualStudioVersion = 10.0.40219.1
Project("{FAE04EC0-301F-11D3-BF4B-00C04F79EFBC}") = "NewsApplication", "Project3\NewsApplication.csproj", "{2BBFCABB-25EA-44E3-B6AF-6E4A88890C7C}"
EndProject
Project("{2150E333-8FDC-42A3-9474-1A3956D46DE8}") = "DAL", "DAL", "{C8F69D98-7888-4FD3-92DF-98D7756C701D}"
EndProject
Global
	GlobalSection(SolutionConfigurationPlatforms) = preSolution
		Debug|Any CPU = Debug|Any CPU
		Release|Any CPU = Release|Any CPU
	EndGlobalSection
	GlobalSection(ProjectConfigurationPlatforms) = postSolution
		{2BBFCABB-25EA-44E3-B6AF-6E4A88890C7C}.Debug|Any CPU.ActiveCfg = Debug|Any CPU
		{2BBFCABB-25EA-44E3-B6AF-6E4A88890C7C}.Debug|Any CPU.Build.0 = Debug|Any CPU
		{2BBFCABB-25EA-44E3-B6AF-6E4A88890C7C}.Release|Any CPU.ActiveCfg = Release|Any CPU
		{2BBFCABB-25EA-44E3-B6AF-6E4A88890C7C}.Release|Any CPU.Build.0 = Release|Any CPU
	EndGlobalSection
	GlobalSection(SolutionProperties) = preSolution
		HideSolutionNode = FALSE
	EndGlobalSection
EndGlobal
